
Microsoft Visual Studio Solution File, Format Version 12.00
# Visual Studio Version 17
VisualStudioVersion = 17.5.33424.131
MinimumVisualStudioVersion = 10.0.40219.1
Project("{FAE04EC0-301F-11D3-BF4B-00C04F79EFBC}") = "WinDateFromUWP", "WinDateFromUWP\WinDateFromUWP.csproj", "{D7840833-9B1F-4301-B623-B503EDDE45DE}"
EndProject
Global
	GlobalSection(SolutionConfigurationPlatforms) = preSolution
		Debug|ARM = Debug|ARM
		Debug|ARM64 = Debug|ARM64
		Debug|x64 = Debug|x64
		Debug|x86 = Debug|x86
		Release|ARM = Release|ARM
		Release|ARM64 = Release|ARM64
		Release|x64 = Release|x64
		Release|x86 = Release|x86
	EndGlobalSection
	GlobalSection(ProjectConfigurationPlatforms) = postSolution
		{D7840833-9B1F-4301-B623-B503EDDE45DE}.Debug|ARM.ActiveCfg = Debug|ARM
		{D7840833-9B1F-4301-B623-B503EDDE45DE}.Debug|ARM.Build.0 = Debug|ARM
		{D7840833-9B1F-4301-B623-B503EDDE45DE}.Debug|ARM.Deploy.0 = Debug|ARM
		{D7840833-9B1F-4301-B623-B503EDDE45DE}.Debug|ARM64.ActiveCfg = Debug|ARM64
		{D7840833-9B1F-4301-B623-B503EDDE45DE}.Debug|ARM64.Build.0 = Debug|ARM64
		{D7840833-9B1F-4301-B623-B503EDDE45DE}.Debug|ARM64.Deploy.0 = Debug|ARM64
		{D7840833-9B1F-4301-B623-B503EDDE45DE}.Debug|x64.ActiveCfg = Debug|x64
		{D7840833-9B1F-4301-B623-B503EDDE45DE}.Debug|x64.Build.0 = Debug|x64
		{D7840833-9B1F-4301-B623-B503EDDE45DE}.Debug|x64.Deploy.0 = Debug|x64
		{D7840833-9B1F-4301-B623-B503EDDE45DE}.Debug|x86.ActiveCfg = Debug|x86
		{D7840833-9B1F-4301-B623-B503EDDE45DE}.Debug|x86.Build.0 = Debug|x86
		{D7840833-9B1F-4301-B623-B503EDDE45DE}.Debug|x86.Deploy.0 = Debug|x86
		{D7840833-9B1F-4301-B623-B503EDDE45DE}.Release|ARM.ActiveCfg = Release|ARM
		{D7840833-9B1F-4301-B623-B503EDDE45DE}.Release|ARM.Build.0 = Release|ARM
		{D7840833-9B1F-4301-B623-B503EDDE45DE}.Release|ARM.Deploy.0 = Release|ARM
		{D7840833-9B1F-4301-B623-B503EDDE45DE}.Release|ARM64.ActiveCfg = Release|ARM64
		{D7840833-9B1F-4301-B623-B503EDDE45DE}.Release|ARM64.Build.0 = Release|ARM64
		{D7840833-9B1F-4301-B623-B503EDDE45DE}.Release|ARM64.Deploy.0 = Release|ARM64
		{D7840833-9B1F-4301-B623-B503EDDE45DE}.Release|x64.ActiveCfg = Release|x64
		{D7840833-9B1F-4301-B623-B503EDDE45DE}.Release|x64.Build.0 = Release|x64
		{D7840833-9B1F-4301-B623-B503EDDE45DE}.Release|x64.Deploy.0 = Release|x64
		{D7840833-9B1F-4301-B623-B503EDDE45DE}.Release|x86.ActiveCfg = Release|x86
		{D7840833-9B1F-4301-B623-B503EDDE45DE}.Release|x86.Build.0 = Release|x86
		{D7840833-9B1F-4301-B623-B503EDDE45DE}.Release|x86.Deploy.0 = Release|x86
	EndGlobalSection
	GlobalSection(SolutionProperties) = preSolution
		HideSolutionNode = FALSE
	EndGlobalSection
	GlobalSection(ExtensibilityGlobals) = postSolution
		SolutionGuid = {E9F36825-D9E0-4181-B56F-280B18134A19}
	EndGlobalSection
EndGlobal
